
Microsoft Visual Studio Solution File, Format Version 12.00
# Visual Studio Version 16
VisualStudioVersion = 16.0.31702.278
MinimumVisualStudioVersion = 10.0.40219.1
Project("{FAE04EC0-301F-11D3-BF4B-00C04F79EFBC}") = "ExercicioFixacaoExcecoes", "ExercicioFixacaoExcecoes\ExercicioFixacaoExcecoes.csproj", "{B0BF8508-4A46-4BF3-A42F-A4B9D8CE78F3}"
EndProject
Global
	GlobalSection(SolutionConfigurationPlatforms) = preSolution
		Debug|Any CPU = Debug|Any CPU
		Release|Any CPU = Release|Any CPU
	EndGlobalSection
	GlobalSection(ProjectConfigurationPlatforms) = postSolution
		{B0BF8508-4A46-4BF3-A42F-A4B9D8CE78F3}.Debug|Any CPU.ActiveCfg = Debug|Any CPU
		{B0BF8508-4A46-4BF3-A42F-A4B9D8CE78F3}.Debug|Any CPU.Build.0 = Debug|Any CPU
		{B0BF8508-4A46-4BF3-A42F-A4B9D8CE78F3}.Release|Any CPU.ActiveCfg = Release|Any CPU
		{B0BF8508-4A46-4BF3-A42F-A4B9D8CE78F3}.Release|Any CPU.Build.0 = Release|Any CPU
	EndGlobalSection
	GlobalSection(SolutionProperties) = preSolution
		HideSolutionNode = FALSE
	EndGlobalSection
	GlobalSection(ExtensibilityGlobals) = postSolution
		SolutionGuid = {F7D780D2-F1E2-4E20-8C71-4977ED6524B4}
	EndGlobalSection
EndGlobal
