
Microsoft Visual Studio Solution File, Format Version 12.00
# Visual Studio Version 16
VisualStudioVersion = 16.0.31702.278
MinimumVisualStudioVersion = 10.0.40219.1
Project("{FAE04EC0-301F-11D3-BF4B-00C04F79EFBC}") = "ExercicioFixacao", "ExercicioFixacao\ExercicioFixacao.csproj", "{9F361E9E-90F2-4537-BBE5-90D6DD4DFAA8}"
EndProject
Global
	GlobalSection(SolutionConfigurationPlatforms) = preSolution
		Debug|Any CPU = Debug|Any CPU
		Release|Any CPU = Release|Any CPU
	EndGlobalSection
	GlobalSection(ProjectConfigurationPlatforms) = postSolution
		{9F361E9E-90F2-4537-BBE5-90D6DD4DFAA8}.Debug|Any CPU.ActiveCfg = Debug|Any CPU
		{9F361E9E-90F2-4537-BBE5-90D6DD4DFAA8}.Debug|Any CPU.Build.0 = Debug|Any CPU
		{9F361E9E-90F2-4537-BBE5-90D6DD4DFAA8}.Release|Any CPU.ActiveCfg = Release|Any CPU
		{9F361E9E-90F2-4537-BBE5-90D6DD4DFAA8}.Release|Any CPU.Build.0 = Release|Any CPU
	EndGlobalSection
	GlobalSection(SolutionProperties) = preSolution
		HideSolutionNode = FALSE
	EndGlobalSection
	GlobalSection(ExtensibilityGlobals) = postSolution
		SolutionGuid = {B21C7942-7401-4B77-97D6-D7A0E2A6CDAA}
	EndGlobalSection
EndGlobal
