
Microsoft Visual Studio Solution File, Format Version 12.00
# Visual Studio Version 16
VisualStudioVersion = 16.0.31702.278
MinimumVisualStudioVersion = 10.0.40219.1
Project("{FAE04EC0-301F-11D3-BF4B-00C04F79EFBC}") = "ExercicioProposto", "ExercicioProposto\ExercicioProposto.csproj", "{2A05B9B5-50D3-478E-9950-0A61A2286AA4}"
EndProject
Global
	GlobalSection(SolutionConfigurationPlatforms) = preSolution
		Debug|Any CPU = Debug|Any CPU
		Release|Any CPU = Release|Any CPU
	EndGlobalSection
	GlobalSection(ProjectConfigurationPlatforms) = postSolution
		{2A05B9B5-50D3-478E-9950-0A61A2286AA4}.Debug|Any CPU.ActiveCfg = Debug|Any CPU
		{2A05B9B5-50D3-478E-9950-0A61A2286AA4}.Debug|Any CPU.Build.0 = Debug|Any CPU
		{2A05B9B5-50D3-478E-9950-0A61A2286AA4}.Release|Any CPU.ActiveCfg = Release|Any CPU
		{2A05B9B5-50D3-478E-9950-0A61A2286AA4}.Release|Any CPU.Build.0 = Release|Any CPU
	EndGlobalSection
	GlobalSection(SolutionProperties) = preSolution
		HideSolutionNode = FALSE
	EndGlobalSection
	GlobalSection(ExtensibilityGlobals) = postSolution
		SolutionGuid = {B4D5D91A-D153-4EEF-ADF2-53B959592DEC}
	EndGlobalSection
EndGlobal
